{
  "name": "gatsby-plugin-sentry",
  "version": "0.1.0",
  "lockfileVersion": 1,
  "requires": true,
  "dependencies": {
    "@sentry/browser": {
      "version": "4.1.1",
      "resolved": "https://registry.npmjs.org/@sentry/browser/-/browser-4.1.1.tgz",
      "integrity": "sha512-rmkGlTh0AL3Jf0DvF3BluChIyzPkkYpNgIwEHjxTUiLp6BQdgwakZuzBqSPJrEs+jMsKMoesOuJ/fAAG0K7+Ew==",
      "requires": {
        "@sentry/core": "4.1.1",
        "@sentry/types": "4.1.0",
        "@sentry/utils": "4.1.1"
      }
    },
    "@sentry/core": {
      "version": "4.1.1",
      "resolved": "https://registry.npmjs.org/@sentry/core/-/core-4.1.1.tgz",
      "integrity": "sha512-QJExTxZ1ZA5P/To5gOwd3sowukXW0N/Q9nfu8biRDNa+YURn6ElLjO0fD6eIBqX1f3npo/kTiWZwFBc7LXEzSg==",
      "requires": {
        "@sentry/hub": "4.1.1",
        "@sentry/minimal": "4.1.1",
        "@sentry/types": "4.1.0",
        "@sentry/utils": "4.1.1"
      }
    },
    "@sentry/hub": {
      "version": "4.1.1",
      "resolved": "https://registry.npmjs.org/@sentry/hub/-/hub-4.1.1.tgz",
      "integrity": "sha512-VmcZOgcbFjJzK1oQNwcFP/wgfoWQr24dFv1C0uwdXldNXx3mwyUVkomvklBHz90HwiahsI/gCc+ZmbC3ECQk2Q==",
      "requires": {
        "@sentry/types": "4.1.0",
        "@sentry/utils": "4.1.1"
      }
    },
    "@sentry/minimal": {
      "version": "4.1.1",
      "resolved": "https://registry.npmjs.org/@sentry/minimal/-/minimal-4.1.1.tgz",
      "integrity": "sha512-xRKWA46OGnZinJyTljDUel53emPP9mb/XNi/kF6SBaVDOUXl7HAB8kP7Bn7eLBwOanxN8PbYoAzh/lIQXWTmDg==",
      "requires": {
        "@sentry/hub": "4.1.1",
        "@sentry/types": "4.1.0"
      }
    },
    "@sentry/types": {
      "version": "4.1.0",
      "resolved": "https://registry.npmjs.org/@sentry/types/-/types-4.1.0.tgz",
      "integrity": "sha512-KY7B9wYs1NACHlYzG4OuP6k4uQJkyDPJppftjj3NJYShfwdDTO1I2Swkhhb5dJMEMMMpBJGxXmiqZ2mX5ErISQ=="
    },
    "@sentry/utils": {
      "version": "4.1.1",
      "resolved": "https://registry.npmjs.org/@sentry/utils/-/utils-4.1.1.tgz",
      "integrity": "sha512-XMvGqAWATBrRkOF0lkt0Ij8of2mRmp4WeFTUAgiKzCekxfUBLBaTb4wTaFXz1cnnnjVTwcAq72qBRMhHwQ0IIg==",
      "requires": {
        "@sentry/types": "4.1.0"
      }
    }
  }
}
